// !$*UTF8*$!
{
	archiveVersion = 1;
	classes = {
	};
	objectVersion = 48;
	objects = {

/* Begin PBXBuildFile section */
		133758791F53CA8700DE6329 /* AppDelegate.swift in Sources */ = {isa = PBXBuildFile; fileRef = 133758781F53CA8700DE6329 /* AppDelegate.swift */; };
		1337587B1F53CA8700DE6329 /* ViewController.swift in Sources */ = {isa = PBXBuildFile; fileRef = 1337587A1F53CA8700DE6329 /* ViewController.swift */; };
		1337587E1F53CA8700DE6329 /* Main.storyboard in Resources */ = {isa = PBXBuildFile; fileRef = 1337587C1F53CA8700DE6329 /* Main.storyboard */; };
		133758801F53CA8700DE6329 /* Assets.xcassets in Resources */ = {isa = PBXBuildFile; fileRef = 1337587F1F53CA8700DE6329 /* Assets.xcassets */; };
		133758831F53CA8700DE6329 /* LaunchScreen.storyboard in Resources */ = {isa = PBXBuildFile; fileRef = 133758811F53CA8700DE6329 /* LaunchScreen.storyboard */; };
		138C4DF51F53D66E008E11B7 /* CornersOfImageViews.swift in Sources */ = {isa = PBXBuildFile; fileRef = 138C4DF41F53D66E008E11B7 /* CornersOfImageViews.swift */; };
/* End PBXBuildFile section */

/* Begin PBXFileReference section */
		133758751F53CA8700DE6329 /* DeveloperProfile.app */ = {isa = PBXFileReference; explicitFileType = wrapper.application; includeInIndex = 0; path = DeveloperProfile.app; sourceTree = BUILT_PRODUCTS_DIR; };
		133758781F53CA8700DE6329 /* AppDelegate.swift */ = {isa = PBXFileReference; lastKnownFileType = sourcecode.swift; path = AppDelegate.swift; sourceTree = "<group>"; };
		1337587A1F53CA8700DE6329 /* ViewController.swift */ = {isa = PBXFileReference; lastKnownFileType = sourcecode.swift; path = ViewController.swift; sourceTree = "<group>"; };
		1337587D1F53CA8700DE6329 /* Base */ = {isa = PBXFileReference; lastKnownFileType = file.storyboard; name = Base; path = Base.lproj/Main.storyboard; sourceTree = "<group>"; };
		1337587F1F53CA8700DE6329 /* Assets.xcassets */ = {isa = PBXFileReference; lastKnownFileType = folder.assetcatalog; path = Assets.xcassets; sourceTree = "<group>"; };
		133758821F53CA8700DE6329 /* Base */ = {isa = PBXFileReference; lastKnownFileType = file.storyboard; name = Base; path = Base.lproj/LaunchScreen.storyboard; sourceTree = "<group>"; };
		133758841F53CA8700DE6329 /* Info.plist */ = {isa = PBXFileReference; lastKnownFileType = text.plist.xml; path = Info.plist; sourceTree = "<group>"; };
		138C4DF41F53D66E008E11B7 /* CornersOfImageViews.swift */ = {isa = PBXFileReference; lastKnownFileType = sourcecode.swift; path = CornersOfImageViews.swift; sourceTree = "<group>"; };
/* End PBXFileReference section */

/* Begin PBXFrameworksBuildPhase section */
		133758721F53CA8600DE6329 /* Frameworks */ = {
			isa = PBXFrameworksBuildPhase;
			buildActionMask = 2147483647;
			files = (
			);
			runOnlyForDeploymentPostprocessing = 0;
		};
/* End PBXFrameworksBuildPhase section */

/* Begin PBXGroup section */
		1337586C1F53CA8600DE6329 = {
			isa = PBXGroup;
			children = (
				133758771F53CA8700DE6329 /* DeveloperProfile */,
				133758761F53CA8700DE6329 /* Products */,
			);
			sourceTree = "<group>";
		};
		133758761F53CA8700DE6329 /* Products */ = {
			isa = PBXGroup;
			children = (
				133758751F53CA8700DE6329 /* DeveloperProfile.app */,
			);
			name = Products;
			sourceTree = "<group>";
		};
		133758771F53CA8700DE6329 /* DeveloperProfile */ = {
			isa = PBXGroup;
			children = (
				138C4DF31F53D641008E11B7 /* Views */,
				133758781F53CA8700DE6329 /* AppDelegate.swift */,
				1337587A1F53CA8700DE6329 /* ViewController.swift */,
				1337587C1F53CA8700DE6329 /* Main.storyboard */,
				1337587F1F53CA8700DE6329 /* Assets.xcassets */,
				133758811F53CA8700DE6329 /* LaunchScreen.storyboard */,
				133758841F53CA8700DE6329 /* Info.plist */,
			);
			path = DeveloperProfile;
			sourceTree = "<group>";
		};
		138C4DF31F53D641008E11B7 /* Views */ = {
			isa = PBXGroup;
			children = (
				138C4DF41F53D66E008E11B7 /* CornersOfImageViews.swift */,
			);
			path = Views;
			sourceTree = "<group>";
		};
/* End PBXGroup section */

/* Begin PBXNativeTarget section */
		133758741F53CA8600DE6329 /* DeveloperProfile */ = {
			isa = PBXNativeTarget;
			buildConfigurationList = 133758871F53CA8700DE6329 /* Build configuration list for PBXNativeTarget "DeveloperProfile" */;
			buildPhases = (
				133758711F53CA8600DE6329 /* Sources */,
				133758721F53CA8600DE6329 /* Frameworks */,
				133758731F53CA8600DE6329 /* Resources */,
			);
			buildRules = (
			);
			dependencies = (
			);
			name = DeveloperProfile;
			productName = DeveloperProfile;
			productReference = 133758751F53CA8700DE6329 /* DeveloperProfile.app */;
			productType = "com.apple.product-type.application";
		};
/* End PBXNativeTarget section */

/* Begin PBXProject section */
		1337586D1F53CA8600DE6329 /* Project object */ = {
			isa = PBXProject;
			attributes = {
				LastSwiftUpdateCheck = 0900;
				LastUpgradeCheck = 0900;
				ORGANIZATIONNAME = self;
				TargetAttributes = {
					133758741F53CA8600DE6329 = {
						CreatedOnToolsVersion = 9.0;
						ProvisioningStyle = Automatic;
					};
				};
			};
			buildConfigurationList = 133758701F53CA8600DE6329 /* Build configuration list for PBXProject "DeveloperProfile" */;
			compatibilityVersion = "Xcode 8.0";
			developmentRegion = en;
			hasScannedForEncodings = 0;
			knownRegions = (
				en,
				Base,
			);
			mainGroup = 1337586C1F53CA8600DE6329;
			productRefGroup = 133758761F53CA8700DE6329 /* Products */;
			projectDirPath = "";
			projectRoot = "";
			targets = (
				133758741F53CA8600DE6329 /* DeveloperProfile */,
			);
		};
/* End PBXProject section */

/* Begin PBXResourcesBuildPhase section */
		133758731F53CA8600DE6329 /* Resources */ = {
			isa = PBXResourcesBuildPhase;
			buildActionMask = 2147483647;
			files = (
				133758831F53CA8700DE6329 /* LaunchScreen.storyboard in Resources */,
				133758801F53CA8700DE6329 /* Assets.xcassets in Resources */,
				1337587E1F53CA8700DE6329 /* Main.storyboard in Resources */,
			);
			runOnlyForDeploymentPostprocessing = 0;
		};
/* End PBXResourcesBuildPhase section */

/* Begin PBXSourcesBuildPhase section */
		133758711F53CA8600DE6329 /* Sources */ = {
			isa = PBXSourcesBuildPhase;
			buildActionMask = 2147483647;
			files = (
				138C4DF51F53D66E008E11B7 /* CornersOfImageViews.swift in Sources */,
				1337587B1F53CA8700DE6329 /* ViewController.swift in Sources */,
				133758791F53CA8700DE6329 /* AppDelegate.swift in Sources */,
			);
			runOnlyForDeploymentPostprocessing = 0;
		};
/* End PBXSourcesBuildPhase section */

/* Begin PBXVariantGroup section */
		1337587C1F53CA8700DE6329 /* Main.storyboard */ = {
			isa = PBXVariantGroup;
			children = (
				1337587D1F53CA8700DE6329 /* Base */,
			);
			name = Main.storyboard;
			sourceTree = "<group>";
		};
		133758811F53CA8700DE6329 /* LaunchScreen.storyboard */ = {
			isa = PBXVariantGroup;
			children = (
				133758821F53CA8700DE6329 /* Base */,
			);
			name = LaunchScreen.storyboard;
			sourceTree = "<group>";
		};
/* End PBXVariantGroup section */

/* Begin XCBuildConfiguration section */
		133758851F53CA8700DE6329 /* Debug */ = {
			isa = XCBuildConfiguration;
			buildSettings = {
				ALWAYS_SEARCH_USER_PATHS = NO;
				CLANG_ANALYZER_NONNULL = YES;
				CLANG_ANALYZER_NUMBER_OBJECT_CONVERSION = YES_AGGRESSIVE;
				CLANG_CXX_LANGUAGE_STANDARD = "gnu++14";
				CLANG_CXX_LIBRARY = "libc++";
				CLANG_ENABLE_MODULES = YES;
				CLANG_ENABLE_OBJC_ARC = YES;
				CLANG_WARN_BLOCK_CAPTURE_AUTORELEASING = YES;
				CLANG_WARN_BOOL_CONVERSION = YES;
				CLANG_WARN_COMMA = YES;
				CLANG_WARN_CONSTANT_CONVERSION = YES;
				CLANG_WARN_DIRECT_OBJC_ISA_USAGE = YES_ERROR;
				CLANG_WARN_DOCUMENTATION_COMMENTS = YES;
				CLANG_WARN_EMPTY_BODY = YES;
				CLANG_WARN_ENUM_CONVERSION = YES;
				CLANG_WARN_INFINITE_RECURSION = YES;
				CLANG_WARN_INT_CONVERSION = YES;
				CLANG_WARN_NON_LITERAL_NULL_CONVERSION = YES;
				CLANG_WARN_OBJC_LITERAL_CONVERSION = YES;
				CLANG_WARN_OBJC_ROOT_CLASS = YES_ERROR;
				CLANG_WARN_RANGE_LOOP_ANALYSIS = YES;
				CLANG_WARN_STRICT_PROTOTYPES = YES;
				CLANG_WARN_SUSPICIOUS_MOVE = YES;
				CLANG_WARN_UNGUARDED_AVAILABILITY = YES_AGGRESSIVE;
				CLANG_WARN_UNREACHABLE_CODE = YES;
				CLANG_WARN__DUPLICATE_METHOD_MATCH = YES;
				CODE_SIGN_IDENTITY = "iPhone Developer";
				COPY_PHASE_STRIP = NO;
				DEBUG_INFORMATION_FORMAT = dwarf;
				ENABLE_STRICT_OBJC_MSGSEND = YES;
				ENABLE_TESTABILITY = YES;
				GCC_C_LANGUAGE_STANDARD = gnu11;
				GCC_DYNAMIC_NO_PIC = NO;
				GCC_NO_COMMON_BLOCKS = YES;
				GCC_OPTIMIZATION_LEVEL = 0;
				GCC_PREPROCESSOR_DEFINITIONS = (
					"DEBUG=1",
					"$(inherited)",
				);
				GCC_WARN_64_TO_32_BIT_CONVERSION = YES;
				GCC_WARN_ABOUT_RETURN_TYPE = YES_ERROR;
				GCC_WARN_UNDECLARED_SELECTOR = YES;
				GCC_WARN_UNINITIALIZED_AUTOS = YES_AGGRESSIVE;
				GCC_WARN_UNUSED_FUNCTION = YES;
				GCC_WARN_UNUSED_VARIABLE = YES;
				IPHONEOS_DEPLOYMENT_TARGET = 11.0;
				MTL_ENABLE_DEBUG_INFO = YES;
				ONLY_ACTIVE_ARCH = YES;
				SDKROOT = iphoneos;
				SWIFT_ACTIVE_COMPILATION_CONDITIONS = DEBUG;
				SWIFT_OPTIMIZATION_LEVEL = "-Onone";
			};
			name = Debug;
		};
		133758861F53CA8700DE6329 /* Release */ = {
			isa = XCBuildConfiguration;
			buildSettings = {
				ALWAYS_SEARCH_USER_PATHS = NO;
				CLANG_ANALYZER_NONNULL = YES;
				CLANG_ANALYZER_NUMBER_OBJECT_CONVERSION = YES_AGGRESSIVE;
				CLANG_CXX_LANGUAGE_STANDARD = "gnu++14";
				CLANG_CXX_LIBRARY = "libc++";
				CLANG_ENABLE_MODULES = YES;
				CLANG_ENABLE_OBJC_ARC = YES;
				CLANG_WARN_BLOCK_CAPTURE_AUTORELEASING = YES;
				CLANG_WARN_BOOL_CONVERSION = YES;
				CLANG_WARN_COMMA = YES;
				CLANG_WARN_CONSTANT_CONVERSION = YES;
				CLANG_WARN_DIRECT_OBJC_ISA_USAGE = YES_ERROR;
				CLANG_WARN_DOCUMENTATION_COMMENTS = YES;
				CLANG_WARN_EMPTY_BODY = YES;
				CLANG_WARN_ENUM_CONVERSION = YES;
				CLANG_WARN_INFINITE_RECURSION = YES;
				CLANG_WARN_INT_CONVERSION = YES;
				CLANG_WARN_NON_LITERAL_NULL_CONVERSION = YES;
				CLANG_WARN_OBJC_LITERAL_CONVERSION = YES;
				CLANG_WARN_OBJC_ROOT_CLASS = YES_ERROR;
				CLANG_WARN_RANGE_LOOP_ANALYSIS = YES;
				CLANG_WARN_STRICT_PROTOTYPES = YES;
				CLANG_WARN_SUSPICIOUS_MOVE = YES;
				CLANG_WARN_UNGUARDED_AVAILABILITY = YES_AGGRESSIVE;
				CLANG_WARN_UNREACHABLE_CODE = YES;
				CLANG_WARN__DUPLICATE_METHOD_MATCH = YES;
				CODE_SIGN_IDENTITY = "iPhone Developer";
				COPY_PHASE_STRIP = NO;
				DEBUG_INFORMATION_FORMAT = "dwarf-with-dsym";
				ENABLE_NS_ASSERTIONS = NO;
				ENABLE_STRICT_OBJC_MSGSEND = YES;
				GCC_C_LANGUAGE_STANDARD = gnu11;
				GCC_NO_COMMON_BLOCKS = YES;
				GCC_WARN_64_TO_32_BIT_CONVERSION = YES;
				GCC_WARN_ABOUT_RETURN_TYPE = YES_ERROR;
				GCC_WARN_UNDECLARED_SELECTOR = YES;
				GCC_WARN_UNINITIALIZED_AUTOS = YES_AGGRESSIVE;
				GCC_WARN_UNUSED_FUNCTION = YES;
				GCC_WARN_UNUSED_VARIABLE = YES;
				IPHONEOS_DEPLOYMENT_TARGET = 11.0;
				MTL_ENABLE_DEBUG_INFO = NO;
				SDKROOT = iphoneos;
				SWIFT_OPTIMIZATION_LEVEL = "-Owholemodule";
				VALIDATE_PRODUCT = YES;
			};
			name = Release;
		};
		133758881F53CA8700DE6329 /* Debug */ = {
			isa = XCBuildConfiguration;
			buildSettings = {
				ASSETCATALOG_COMPILER_APPICON_NAME = AppIcon;
				CODE_SIGN_STYLE = Automatic;
				DEVELOPMENT_TEAM = RY4LKVN272;
				INFOPLIST_FILE = DeveloperProfile/Info.plist;
				LD_RUNPATH_SEARCH_PATHS = "$(inherited) @executable_path/Frameworks";
				PRODUCT_BUNDLE_IDENTIFIER = self.DeveloperProfile;
				PRODUCT_NAME = "$(TARGET_NAME)";
				SWIFT_VERSION = 4.0;
				TARGETED_DEVICE_FAMILY = "1,2";
			};
			name = Debug;
		};
		133758891F53CA8700DE6329 /* Release */ = {
			isa = XCBuildConfiguration;
			buildSettings = {
				ASSETCATALOG_COMPILER_APPICON_NAME = AppIcon;
				CODE_SIGN_STYLE = Automatic;
				DEVELOPMENT_TEAM = RY4LKVN272;
				INFOPLIST_FILE = DeveloperProfile/Info.plist;
				LD_RUNPATH_SEARCH_PATHS = "$(inherited) @executable_path/Frameworks";
				PRODUCT_BUNDLE_IDENTIFIER = self.DeveloperProfile;
				PRODUCT_NAME = "$(TARGET_NAME)";
				SWIFT_VERSION = 4.0;
				TARGETED_DEVICE_FAMILY = "1,2";
			};
			name = Release;
		};
/* End XCBuildConfiguration section */

/* Begin XCConfigurationList section */
		133758701F53CA8600DE6329 /* Build configuration list for PBXProject "DeveloperProfile" */ = {
			isa = XCConfigurationList;
			buildConfigurations = (
				133758851F53CA8700DE6329 /* Debug */,
				133758861F53CA8700DE6329 /* Release */,
			);
			defaultConfigurationIsVisible = 0;
			defaultConfigurationName = Release;
		};
		133758871F53CA8700DE6329 /* Build configuration list for PBXNativeTarget "DeveloperProfile" */ = {
			isa = XCConfigurationList;
			buildConfigurations = (
				133758881F53CA8700DE6329 /* Debug */,
				133758891F53CA8700DE6329 /* Release */,
			);
			defaultConfigurationIsVisible = 0;
			defaultConfigurationName = Release;
		};
/* End XCConfigurationList section */
	};
	rootObject = 1337586D1F53CA8600DE6329 /* Project object */;
}
